// !$*UTF8*$!
{
	archiveVersion = 1;
	classes = {
	};
	objectVersion = 46;
	objects = {

/* Begin PBXBuildFile section */
		152499CD1A75759F00D832B2 /* AppDelegate.swift in Sources */ = {isa = PBXBuildFile; fileRef = 152499CC1A75759F00D832B2 /* AppDelegate.swift */; };
		152499CF1A75759F00D832B2 /* ViewController.swift in Sources */ = {isa = PBXBuildFile; fileRef = 152499CE1A75759F00D832B2 /* ViewController.swift */; };
		152499D21A75759F00D832B2 /* Main.storyboard in Resources */ = {isa = PBXBuildFile; fileRef = 152499D01A75759F00D832B2 /* Main.storyboard */; };
		152499D41A75759F00D832B2 /* Images.xcassets in Resources */ = {isa = PBXBuildFile; fileRef = 152499D31A75759F00D832B2 /* Images.xcassets */; };
		152499D71A75759F00D832B2 /* LaunchScreen.xib in Resources */ = {isa = PBXBuildFile; fileRef = 152499D51A75759F00D832B2 /* LaunchScreen.xib */; };
		152499E31A75759F00D832B2 /* LemonadeStandTests.swift in Sources */ = {isa = PBXBuildFile; fileRef = 152499E21A75759F00D832B2 /* LemonadeStandTests.swift */; };
/* End PBXBuildFile section */

/* Begin PBXContainerItemProxy section */
		152499DD1A75759F00D832B2 /* PBXContainerItemProxy */ = {
			isa = PBXContainerItemProxy;
			containerPortal = 152499BF1A75759E00D832B2 /* Project object */;
			proxyType = 1;
			remoteGlobalIDString = 152499C61A75759E00D832B2;
			remoteInfo = LemonadeStand;
		};
/* End PBXContainerItemProxy section */

/* Begin PBXFileReference section */
		152499C71A75759E00D832B2 /* LemonadeStand.app */ = {isa = PBXFileReference; explicitFileType = wrapper.application; includeInIndex = 0; path = LemonadeStand.app; sourceTree = BUILT_PRODUCTS_DIR; };
		152499CB1A75759F00D832B2 /* Info.plist */ = {isa = PBXFileReference; lastKnownFileType = text.plist.xml; path = Info.plist; sourceTree = "<group>"; };
		152499CC1A75759F00D832B2 /* AppDelegate.swift */ = {isa = PBXFileReference; lastKnownFileType = sourcecode.swift; path = AppDelegate.swift; sourceTree = "<group>"; };
		152499CE1A75759F00D832B2 /* ViewController.swift */ = {isa = PBXFileReference; lastKnownFileType = sourcecode.swift; path = ViewController.swift; sourceTree = "<group>"; };
		152499D11A75759F00D832B2 /* Base */ = {isa = PBXFileReference; lastKnownFileType = file.storyboard; name = Base; path = Base.lproj/Main.storyboard; sourceTree = "<group>"; };
		152499D31A75759F00D832B2 /* Images.xcassets */ = {isa = PBXFileReference; lastKnownFileType = folder.assetcatalog; path = Images.xcassets; sourceTree = "<group>"; };
		152499D61A75759F00D832B2 /* Base */ = {isa = PBXFileReference; lastKnownFileType = file.xib; name = Base; path = Base.lproj/LaunchScreen.xib; sourceTree = "<group>"; };
		152499DC1A75759F00D832B2 /* LemonadeStandTests.xctest */ = {isa = PBXFileReference; explicitFileType = wrapper.cfbundle; includeInIndex = 0; path = LemonadeStandTests.xctest; sourceTree = BUILT_PRODUCTS_DIR; };
		152499E11A75759F00D832B2 /* Info.plist */ = {isa = PBXFileReference; lastKnownFileType = text.plist.xml; path = Info.plist; sourceTree = "<group>"; };
		152499E21A75759F00D832B2 /* LemonadeStandTests.swift */ = {isa = PBXFileReference; lastKnownFileType = sourcecode.swift; path = LemonadeStandTests.swift; sourceTree = "<group>"; };
/* End PBXFileReference section */

/* Begin PBXFrameworksBuildPhase section */
		152499C41A75759E00D832B2 /* Frameworks */ = {
			isa = PBXFrameworksBuildPhase;
			buildActionMask = 2147483647;
			files = (
			);
			runOnlyForDeploymentPostprocessing = 0;
		};
		152499D91A75759F00D832B2 /* Frameworks */ = {
			isa = PBXFrameworksBuildPhase;
			buildActionMask = 2147483647;
			files = (
			);
			runOnlyForDeploymentPostprocessing = 0;
		};
/* End PBXFrameworksBuildPhase section */

/* Begin PBXGroup section */
		152499BE1A75759E00D832B2 = {
			isa = PBXGroup;
			children = (
				152499C91A75759E00D832B2 /* LemonadeStand */,
				152499DF1A75759F00D832B2 /* LemonadeStandTests */,
				152499C81A75759E00D832B2 /* Products */,
			);
			sourceTree = "<group>";
		};
		152499C81A75759E00D832B2 /* Products */ = {
			isa = PBXGroup;
			children = (
				152499C71A75759E00D832B2 /* LemonadeStand.app */,
				152499DC1A75759F00D832B2 /* LemonadeStandTests.xctest */,
			);
			name = Products;
			sourceTree = "<group>";
		};
		152499C91A75759E00D832B2 /* LemonadeStand */ = {
			isa = PBXGroup;
			children = (
				152499CC1A75759F00D832B2 /* AppDelegate.swift */,
				152499CE1A75759F00D832B2 /* ViewController.swift */,
				152499D01A75759F00D832B2 /* Main.storyboard */,
				152499D31A75759F00D832B2 /* Images.xcassets */,
				152499D51A75759F00D832B2 /* LaunchScreen.xib */,
				152499CA1A75759E00D832B2 /* Supporting Files */,
			);
			path = LemonadeStand;
			sourceTree = "<group>";
		};
		152499CA1A75759E00D832B2 /* Supporting Files */ = {
			isa = PBXGroup;
			children = (
				152499CB1A75759F00D832B2 /* Info.plist */,
			);
			name = "Supporting Files";
			sourceTree = "<group>";
		};
		152499DF1A75759F00D832B2 /* LemonadeStandTests */ = {
			isa = PBXGroup;
			children = (
				152499E21A75759F00D832B2 /* LemonadeStandTests.swift */,
				152499E01A75759F00D832B2 /* Supporting Files */,
			);
			path = LemonadeStandTests;
			sourceTree = "<group>";
		};
		152499E01A75759F00D832B2 /* Supporting Files */ = {
			isa = PBXGroup;
			children = (
				152499E11A75759F00D832B2 /* Info.plist */,
			);
			name = "Supporting Files";
			sourceTree = "<group>";
		};
/* End PBXGroup section */

/* Begin PBXNativeTarget section */
		152499C61A75759E00D832B2 /* LemonadeStand */ = {
			isa = PBXNativeTarget;
			buildConfigurationList = 152499E61A75759F00D832B2 /* Build configuration list for PBXNativeTarget "LemonadeStand" */;
			buildPhases = (
				152499C31A75759E00D832B2 /* Sources */,
				152499C41A75759E00D832B2 /* Frameworks */,
				152499C51A75759E00D832B2 /* Resources */,
			);
			buildRules = (
			);
			dependencies = (
			);
			name = LemonadeStand;
			productName = LemonadeStand;
			productReference = 152499C71A75759E00D832B2 /* LemonadeStand.app */;
			productType = "com.apple.product-type.application";
		};
		152499DB1A75759F00D832B2 /* LemonadeStandTests */ = {
			isa = PBXNativeTarget;
			buildConfigurationList = 152499E91A75759F00D832B2 /* Build configuration list for PBXNativeTarget "LemonadeStandTests" */;
			buildPhases = (
				152499D81A75759F00D832B2 /* Sources */,
				152499D91A75759F00D832B2 /* Frameworks */,
				152499DA1A75759F00D832B2 /* Resources */,
			);
			buildRules = (
			);
			dependencies = (
				152499DE1A75759F00D832B2 /* PBXTargetDependency */,
			);
			name = LemonadeStandTests;
			productName = LemonadeStandTests;
			productReference = 152499DC1A75759F00D832B2 /* LemonadeStandTests.xctest */;
			productType = "com.apple.product-type.bundle.unit-test";
		};
/* End PBXNativeTarget section */

/* Begin PBXProject section */
		152499BF1A75759E00D832B2 /* Project object */ = {
			isa = PBXProject;
			attributes = {
				LastUpgradeCheck = 0610;
				ORGANIZATIONNAME = "Joshua Haines";
				TargetAttributes = {
					152499C61A75759E00D832B2 = {
						CreatedOnToolsVersion = 6.1.1;
					};
					152499DB1A75759F00D832B2 = {
						CreatedOnToolsVersion = 6.1.1;
						TestTargetID = 152499C61A75759E00D832B2;
					};
				};
			};
			buildConfigurationList = 152499C21A75759E00D832B2 /* Build configuration list for PBXProject "LemonadeStand" */;
			compatibilityVersion = "Xcode 3.2";
			developmentRegion = English;
			hasScannedForEncodings = 0;
			knownRegions = (
				en,
				Base,
			);
			mainGroup = 152499BE1A75759E00D832B2;
			productRefGroup = 152499C81A75759E00D832B2 /* Products */;
			projectDirPath = "";
			projectRoot = "";
			targets = (
				152499C61A75759E00D832B2 /* LemonadeStand */,
				152499DB1A75759F00D832B2 /* LemonadeStandTests */,
			);
		};
/* End PBXProject section */

/* Begin PBXResourcesBuildPhase section */
		152499C51A75759E00D832B2 /* Resources */ = {
			isa = PBXResourcesBuildPhase;
			buildActionMask = 2147483647;
			files = (
				152499D21A75759F00D832B2 /* Main.storyboard in Resources */,
				152499D71A75759F00D832B2 /* LaunchScreen.xib in Resources */,
				152499D41A75759F00D832B2 /* Images.xcassets in Resources */,
			);
			runOnlyForDeploymentPostprocessing = 0;
		};
		152499DA1A75759F00D832B2 /* Resources */ = {
			isa = PBXResourcesBuildPhase;
			buildActionMask = 2147483647;
			files = (
			);
			runOnlyForDeploymentPostprocessing = 0;
		};
/* End PBXResourcesBuildPhase section */

/* Begin PBXSourcesBuildPhase section */
		152499C31A75759E00D832B2 /* Sources */ = {
			isa = PBXSourcesBuildPhase;
			buildActionMask = 2147483647;
			files = (
				152499CF1A75759F00D832B2 /* ViewController.swift in Sources */,
				152499CD1A75759F00D832B2 /* AppDelegate.swift in Sources */,
			);
			runOnlyForDeploymentPostprocessing = 0;
		};
		152499D81A75759F00D832B2 /* Sources */ = {
			isa = PBXSourcesBuildPhase;
			buildActionMask = 2147483647;
			files = (
				152499E31A75759F00D832B2 /* LemonadeStandTests.swift in Sources */,
			);
			runOnlyForDeploymentPostprocessing = 0;
		};
/* End PBXSourcesBuildPhase section */

/* Begin PBXTargetDependency section */
		152499DE1A75759F00D832B2 /* PBXTargetDependency */ = {
			isa = PBXTargetDependency;
			target = 152499C61A75759E00D832B2 /* LemonadeStand */;
			targetProxy = 152499DD1A75759F00D832B2 /* PBXContainerItemProxy */;
		};
/* End PBXTargetDependency section */

/* Begin PBXVariantGroup section */
		152499D01A75759F00D832B2 /* Main.storyboard */ = {
			isa = PBXVariantGroup;
			children = (
				152499D11A75759F00D832B2 /* Base */,
			);
			name = Main.storyboard;
			sourceTree = "<group>";
		};
		152499D51A75759F00D832B2 /* LaunchScreen.xib */ = {
			isa = PBXVariantGroup;
			children = (
				152499D61A75759F00D832B2 /* Base */,
			);
			name = LaunchScreen.xib;
			sourceTree = "<group>";
		};
/* End PBXVariantGroup section */

/* Begin XCBuildConfiguration section */
		152499E41A75759F00D832B2 /* Debug */ = {
			isa = XCBuildConfiguration;
			buildSettings = {
				ALWAYS_SEARCH_USER_PATHS = NO;
				CLANG_CXX_LANGUAGE_STANDARD = "gnu++0x";
				CLANG_CXX_LIBRARY = "libc++";
				CLANG_ENABLE_MODULES = YES;
				CLANG_ENABLE_OBJC_ARC = YES;
				CLANG_WARN_BOOL_CONVERSION = YES;
				CLANG_WARN_CONSTANT_CONVERSION = YES;
				CLANG_WARN_DIRECT_OBJC_ISA_USAGE = YES_ERROR;
				CLANG_WARN_EMPTY_BODY = YES;
				CLANG_WARN_ENUM_CONVERSION = YES;
				CLANG_WARN_INT_CONVERSION = YES;
				CLANG_WARN_OBJC_ROOT_CLASS = YES_ERROR;
				CLANG_WARN_UNREACHABLE_CODE = YES;
				CLANG_WARN__DUPLICATE_METHOD_MATCH = YES;
				"CODE_SIGN_IDENTITY[sdk=iphoneos*]" = "iPhone Developer";
				COPY_PHASE_STRIP = NO;
				ENABLE_STRICT_OBJC_MSGSEND = YES;
				GCC_C_LANGUAGE_STANDARD = gnu99;
				GCC_DYNAMIC_NO_PIC = NO;
				GCC_OPTIMIZATION_LEVEL = 0;
				GCC_PREPROCESSOR_DEFINITIONS = (
					"DEBUG=1",
					"$(inherited)",
				);
				GCC_SYMBOLS_PRIVATE_EXTERN = NO;
				GCC_WARN_64_TO_32_BIT_CONVERSION = YES;
				GCC_WARN_ABOUT_RETURN_TYPE = YES_ERROR;
				GCC_WARN_UNDECLARED_SELECTOR = YES;
				GCC_WARN_UNINITIALIZED_AUTOS = YES_AGGRESSIVE;
				GCC_WARN_UNUSED_FUNCTION = YES;
				GCC_WARN_UNUSED_VARIABLE = YES;
				IPHONEOS_DEPLOYMENT_TARGET = 8.1;
				MTL_ENABLE_DEBUG_INFO = YES;
				ONLY_ACTIVE_ARCH = YES;
				SDKROOT = iphoneos;
				SWIFT_OPTIMIZATION_LEVEL = "-Onone";
				TARGETED_DEVICE_FAMILY = "1,2";
			};
			name = Debug;
		};
		152499E51A75759F00D832B2 /* Release */ = {
			isa = XCBuildConfiguration;
			buildSettings = {
				ALWAYS_SEARCH_USER_PATHS = NO;
				CLANG_CXX_LANGUAGE_STANDARD = "gnu++0x";
				CLANG_CXX_LIBRARY = "libc++";
				CLANG_ENABLE_MODULES = YES;
				CLANG_ENABLE_OBJC_ARC = YES;
				CLANG_WARN_BOOL_CONVERSION = YES;
				CLANG_WARN_CONSTANT_CONVERSION = YES;
				CLANG_WARN_DIRECT_OBJC_ISA_USAGE = YES_ERROR;
				CLANG_WARN_EMPTY_BODY = YES;
				CLANG_WARN_ENUM_CONVERSION = YES;
				CLANG_WARN_INT_CONVERSION = YES;
				CLANG_WARN_OBJC_ROOT_CLASS = YES_ERROR;
				CLANG_WARN_UNREACHABLE_CODE = YES;
				CLANG_WARN__DUPLICATE_METHOD_MATCH = YES;
				"CODE_SIGN_IDENTITY[sdk=iphoneos*]" = "iPhone Developer";
				COPY_PHASE_STRIP = YES;
				ENABLE_NS_ASSERTIONS = NO;
				ENABLE_STRICT_OBJC_MSGSEND = YES;
				GCC_C_LANGUAGE_STANDARD = gnu99;
				GCC_WARN_64_TO_32_BIT_CONVERSION = YES;
				GCC_WARN_ABOUT_RETURN_TYPE = YES_ERROR;
				GCC_WARN_UNDECLARED_SELECTOR = YES;
				GCC_WARN_UNINITIALIZED_AUTOS = YES_AGGRESSIVE;
				GCC_WARN_UNUSED_FUNCTION = YES;
				GCC_WARN_UNUSED_VARIABLE = YES;
				IPHONEOS_DEPLOYMENT_TARGET = 8.1;
				MTL_ENABLE_DEBUG_INFO = NO;
				SDKROOT = iphoneos;
				TARGETED_DEVICE_FAMILY = "1,2";
				VALIDATE_PRODUCT = YES;
			};
			name = Release;
		};
		152499E71A75759F00D832B2 /* Debug */ = {
			isa = XCBuildConfiguration;
			buildSettings = {
				ASSETCATALOG_COMPILER_APPICON_NAME = AppIcon;
				INFOPLIST_FILE = LemonadeStand/Info.plist;
				LD_RUNPATH_SEARCH_PATHS = "$(inherited) @executable_path/Frameworks";
				PRODUCT_NAME = "$(TARGET_NAME)";
			};
			name = Debug;
		};
		152499E81A75759F00D832B2 /* Release */ = {
			isa = XCBuildConfiguration;
			buildSettings = {
				ASSETCATALOG_COMPILER_APPICON_NAME = AppIcon;
				INFOPLIST_FILE = LemonadeStand/Info.plist;
				LD_RUNPATH_SEARCH_PATHS = "$(inherited) @executable_path/Frameworks";
				PRODUCT_NAME = "$(TARGET_NAME)";
			};
			name = Release;
		};
		152499EA1A75759F00D832B2 /* Debug */ = {
			isa = XCBuildConfiguration;
			buildSettings = {
				BUNDLE_LOADER = "$(TEST_HOST)";
				FRAMEWORK_SEARCH_PATHS = (
					"$(SDKROOT)/Developer/Library/Frameworks",
					"$(inherited)",
				);
				GCC_PREPROCESSOR_DEFINITIONS = (
					"DEBUG=1",
					"$(inherited)",
				);
				INFOPLIST_FILE = LemonadeStandTests/Info.plist;
				LD_RUNPATH_SEARCH_PATHS = "$(inherited) @executable_path/Frameworks @loader_path/Frameworks";
				PRODUCT_NAME = "$(TARGET_NAME)";
				TEST_HOST = "$(BUILT_PRODUCTS_DIR)/LemonadeStand.app/LemonadeStand";
			};
			name = Debug;
		};
		152499EB1A75759F00D832B2 /* Release */ = {
			isa = XCBuildConfiguration;
			buildSettings = {
				BUNDLE_LOADER = "$(TEST_HOST)";
				FRAMEWORK_SEARCH_PATHS = (
					"$(SDKROOT)/Developer/Library/Frameworks",
					"$(inherited)",
				);
				INFOPLIST_FILE = LemonadeStandTests/Info.plist;
				LD_RUNPATH_SEARCH_PATHS = "$(inherited) @executable_path/Frameworks @loader_path/Frameworks";
				PRODUCT_NAME = "$(TARGET_NAME)";
				TEST_HOST = "$(BUILT_PRODUCTS_DIR)/LemonadeStand.app/LemonadeStand";
			};
			name = Release;
		};
/* End XCBuildConfiguration section */

/* Begin XCConfigurationList section */
		152499C21A75759E00D832B2 /* Build configuration list for PBXProject "LemonadeStand" */ = {
			isa = XCConfigurationList;
			buildConfigurations = (
				152499E41A75759F00D832B2 /* Debug */,
				152499E51A75759F00D832B2 /* Release */,
			);
			defaultConfigurationIsVisible = 0;
			defaultConfigurationName = Release;
		};
		152499E61A75759F00D832B2 /* Build configuration list for PBXNativeTarget "LemonadeStand" */ = {
			isa = XCConfigurationList;
			buildConfigurations = (
				152499E71A75759F00D832B2 /* Debug */,
				152499E81A75759F00D832B2 /* Release */,
			);
			defaultConfigurationIsVisible = 0;
		};
		152499E91A75759F00D832B2 /* Build configuration list for PBXNativeTarget "LemonadeStandTests" */ = {
			isa = XCConfigurationList;
			buildConfigurations = (
				152499EA1A75759F00D832B2 /* Debug */,
				152499EB1A75759F00D832B2 /* Release */,
			);
			defaultConfigurationIsVisible = 0;
		};
/* End XCConfigurationList section */
	};
	rootObject = 152499BF1A75759E00D832B2 /* Project object */;
}
